{
  "name": "citadel-checks-2",
  "version": "1.0.0",
  "lockfileVersion": 3,
  "requires": true,
  "packages": {
    "": {
      "name": "citadel-checks-2",
      "version": "1.0.0",
      "license": "ISC",
      "dependencies": {
        "@pinecone-database/pinecone": "^6.1.1",
        "dotenv": "^17.0.0"
      }
    },
    "node_modules/@pinecone-database/pinecone": {
      "version": "6.1.1",
      "resolved": "https://registry.npmjs.org/@pinecone-database/pinecone/-/pinecone-6.1.1.tgz",
      "integrity": "sha512-wstOV6gVdShi1PMrrmmgj2md5NwoVL3SS4brOiuxlGv2m0kiYBSxkvi6cx8S4dWkA/mfi1fzwmZ2YX64K+yaMA==",
      "engines": {
        "node": ">=18.0.0"
      }
    },
    "node_modules/dotenv": {
      "version": "17.0.0",
      "resolved": "https://registry.npmjs.org/dotenv/-/dotenv-17.0.0.tgz",
      "integrity": "sha512-A0BJ5lrpJVSfnMMXjmeO0xUnoxqsBHWCoqqTnGwGYVdnctqXXUEhJOO7LxmgxJon9tEZFGpe0xPRX0h2v3AANQ==",
      "engines": {
        "node": ">=12"
      },
      "funding": {
        "url": "https://dotenvx.com"
      }
    }
  }
}
